# THIS IS AN AUTOGENERATED FILE. DO NOT EDIT THIS FILE DIRECTLY.
# yarn lockfile v1


"@redis/bloom@1.0.2":
  version "1.0.2"
  resolved "https://registry.npmjs.org/@redis/bloom/-/bloom-1.0.2.tgz"

"@redis/client@1.3.0":
  version "1.3.0"
  resolved "https://registry.npmjs.org/@redis/client/-/client-1.3.0.tgz"
  dependencies:
    cluster-key-slot "1.1.0"
    generic-pool "3.8.2"
    yallist "4.0.0"

"@redis/graph@1.0.1":
  version "1.0.1"
  resolved "https://registry.npmjs.org/@redis/graph/-/graph-1.0.1.tgz"

"@redis/json@1.0.3":
  version "1.0.3"
  resolved "https://registry.npmjs.org/@redis/json/-/json-1.0.3.tgz"

"@redis/search@1.1.0":
  version "1.1.0"
  resolved "https://registry.npmjs.org/@redis/search/-/search-1.1.0.tgz"

"@redis/time-series@1.0.3":
  version "1.0.3"
  resolved "https://registry.npmjs.org/@redis/time-series/-/time-series-1.0.3.tgz"

"@tootallnate/once@1":
  version "1.1.2"
  resolved "https://registry.npmjs.org/@tootallnate/once/-/once-1.1.2.tgz"

"@types/node@*":
  version "18.7.12"
  resolved "https://registry.npmjs.org/@types/node/-/node-18.7.12.tgz"

"@types/webidl-conversions@*":
  version "6.1.1"
  resolved "https://registry.npmjs.org/@types/webidl-conversions/-/webidl-conversions-6.1.1.tgz"

"@types/whatwg-url@^8.2.1":
  version "8.2.2"
  resolved "https://registry.npmjs.org/@types/whatwg-url/-/whatwg-url-8.2.2.tgz"
  dependencies:
    "@types/node" "*"
    "@types/webidl-conversions" "*"

accepts@~1.3.8:
  version "1.3.8"
  resolved "https://registry.npmjs.org/accepts/-/accepts-1.3.8.tgz"
  dependencies:
    mime-types "~2.1.34"
    negotiator "0.6.3"

acorn-walk@^8.2.0:
  version "8.2.0"
  resolved "https://registry.yarnpkg.com/acorn-walk/-/acorn-walk-8.2.0.tgz#741210f2e2426454508853a2f44d0ab83b7f69c1"

acorn@^8.7.0:
  version "8.8.0"
  resolved "https://registry.yarnpkg.com/acorn/-/acorn-8.8.0.tgz#88c0187620435c7f6015803f5539dae05a9dbea8"

agent-base@6, agent-base@^6.0.0, agent-base@^6.0.2:
  version "6.0.2"
  resolved "https://registry.npmjs.org/agent-base/-/agent-base-6.0.2.tgz"
  dependencies:
    debug "4"

append-field@^1.0.0:
  version "1.0.0"
  resolved "https://registry.npmjs.org/append-field/-/append-field-1.0.0.tgz"

array-flatten@1.1.1:
  version "1.1.1"
  resolved "https://registry.npmjs.org/array-flatten/-/array-flatten-1.1.1.tgz"

ast-types@^0.13.2:
  version "0.13.4"
  resolved "https://registry.npmjs.org/ast-types/-/ast-types-0.13.4.tgz"
  dependencies:
    tslib "^2.0.1"

asynckit@^0.4.0:
  version "0.4.0"
  resolved "https://registry.npmjs.org/asynckit/-/asynckit-0.4.0.tgz"

axios@^0.27.2:
  version "0.27.2"
  resolved "https://registry.npmjs.org/axios/-/axios-0.27.2.tgz"
  dependencies:
    follow-redirects "^1.14.9"
    form-data "^4.0.0"

base-64@^1.0.0:
  version "1.0.0"
  resolved "https://registry.npmjs.org/base-64/-/base-64-1.0.0.tgz"

base64-js@^1.3.1:
  version "1.5.1"
  resolved "https://registry.npmjs.org/base64-js/-/base64-js-1.5.1.tgz"

bcryptjs@^2.4.3:
  version "2.4.3"
  resolved "https://registry.npmjs.org/bcryptjs/-/bcryptjs-2.4.3.tgz"

body-parser@1.20.0:
  version "1.20.0"
  resolved "https://registry.npmjs.org/body-parser/-/body-parser-1.20.0.tgz"
  dependencies:
    bytes "3.1.2"
    content-type "~1.0.4"
    debug "2.6.9"
    depd "2.0.0"
    destroy "1.2.0"
    http-errors "2.0.0"
    iconv-lite "0.4.24"
    on-finished "2.4.1"
    qs "6.10.3"
    raw-body "2.5.1"
    type-is "~1.6.18"
    unpipe "1.0.0"

bson@^4.6.5:
  version "4.7.0"
  resolved "https://registry.npmjs.org/bson/-/bson-4.7.0.tgz"
  dependencies:
    buffer "^5.6.0"

buffer-equal-constant-time@1.0.1:
  version "1.0.1"
  resolved "https://registry.npmjs.org/buffer-equal-constant-time/-/buffer-equal-constant-time-1.0.1.tgz"

buffer-from@^1.0.0:
  version "1.1.2"
  resolved "https://registry.npmjs.org/buffer-from/-/buffer-from-1.1.2.tgz"

buffer@^5.6.0:
  version "5.7.1"
  resolved "https://registry.npmjs.org/buffer/-/buffer-5.7.1.tgz"
  dependencies:
    base64-js "^1.3.1"
    ieee754 "^1.1.13"

busboy@^1.0.0:
  version "1.6.0"
  resolved "https://registry.npmjs.org/busboy/-/busboy-1.6.0.tgz"
  dependencies:
    streamsearch "^1.1.0"

bytes@3.1.2:
  version "3.1.2"
  resolved "https://registry.npmjs.org/bytes/-/bytes-3.1.2.tgz"

call-bind@^1.0.0:
  version "1.0.2"
  resolved "https://registry.npmjs.org/call-bind/-/call-bind-1.0.2.tgz"
  dependencies:
    function-bind "^1.1.1"
    get-intrinsic "^1.0.2"

clone-deep@^4.0.1:
  version "4.0.1"
  resolved "https://registry.npmjs.org/clone-deep/-/clone-deep-4.0.1.tgz"
  dependencies:
    is-plain-object "^2.0.4"
    kind-of "^6.0.2"
    shallow-clone "^3.0.0"

cloudinary-core@^2.10.2:
  version "2.13.0"
  resolved "https://registry.npmjs.org/cloudinary-core/-/cloudinary-core-2.13.0.tgz"

cloudinary@^1.30.1:
  version "1.30.1"
  resolved "https://registry.npmjs.org/cloudinary/-/cloudinary-1.30.1.tgz"
  dependencies:
    cloudinary-core "^2.10.2"
    core-js "3.6.5"
    lodash "^4.17.21"
    q "^1.5.1"
  optionalDependencies:
    proxy-agent "^5.0.0"

cluster-key-slot@1.1.0:
  version "1.1.0"
  resolved "https://registry.npmjs.org/cluster-key-slot/-/cluster-key-slot-1.1.0.tgz"

combined-stream@^1.0.8:
  version "1.0.8"
  resolved "https://registry.npmjs.org/combined-stream/-/combined-stream-1.0.8.tgz"
  dependencies:
    delayed-stream "~1.0.0"

concat-stream@^1.5.2:
  version "1.6.2"
  resolved "https://registry.npmjs.org/concat-stream/-/concat-stream-1.6.2.tgz"
  dependencies:
    buffer-from "^1.0.0"
    inherits "^2.0.3"
    readable-stream "^2.2.2"
    typedarray "^0.0.6"

content-disposition@0.5.4:
  version "0.5.4"
  resolved "https://registry.npmjs.org/content-disposition/-/content-disposition-0.5.4.tgz"
  dependencies:
    safe-buffer "5.2.1"

content-type@~1.0.4:
  version "1.0.4"
  resolved "https://registry.npmjs.org/content-type/-/content-type-1.0.4.tgz"

cookie-signature@1.0.6:
  version "1.0.6"
  resolved "https://registry.npmjs.org/cookie-signature/-/cookie-signature-1.0.6.tgz"

cookie@0.5.0:
  version "0.5.0"
  resolved "https://registry.npmjs.org/cookie/-/cookie-0.5.0.tgz"

core-js@3.6.5:
  version "3.6.5"
  resolved "https://registry.npmjs.org/core-js/-/core-js-3.6.5.tgz"

core-util-is@~1.0.0:
  version "1.0.3"
  resolved "https://registry.npmjs.org/core-util-is/-/core-util-is-1.0.3.tgz"

cors@^2.8.5:
  version "2.8.5"
  resolved "https://registry.npmjs.org/cors/-/cors-2.8.5.tgz"
  dependencies:
    object-assign "^4"
    vary "^1"

data-uri-to-buffer@3:
  version "3.0.1"
  resolved "https://registry.npmjs.org/data-uri-to-buffer/-/data-uri-to-buffer-3.0.1.tgz"

debug@2.6.9:
  version "2.6.9"
  resolved "https://registry.npmjs.org/debug/-/debug-2.6.9.tgz"
  dependencies:
    ms "2.0.0"

debug@4, debug@4.x:
  version "4.3.4"
  resolved "https://registry.npmjs.org/debug/-/debug-4.3.4.tgz"
  dependencies:
    ms "2.1.2"

deep-is@~0.1.3:
  version "0.1.4"
  resolved "https://registry.npmjs.org/deep-is/-/deep-is-0.1.4.tgz"

degenerator@^3.0.2:
  version "3.0.2"
  resolved "https://registry.npmjs.org/degenerator/-/degenerator-3.0.2.tgz"
  dependencies:
    ast-types "^0.13.2"
    escodegen "^1.8.1"
    esprima "^4.0.0"
    vm2 "^3.9.8"

delayed-stream@~1.0.0:
  version "1.0.0"
  resolved "https://registry.npmjs.org/delayed-stream/-/delayed-stream-1.0.0.tgz"

denque@^2.0.1:
  version "2.1.0"
  resolved "https://registry.npmjs.org/denque/-/denque-2.1.0.tgz"

depd@2.0.0:
  version "2.0.0"
  resolved "https://registry.npmjs.org/depd/-/depd-2.0.0.tgz"

destroy@1.2.0:
  version "1.2.0"
  resolved "https://registry.npmjs.org/destroy/-/destroy-1.2.0.tgz"

dotenv@^16.0.1:
  version "16.0.1"
  resolved "https://registry.npmjs.org/dotenv/-/dotenv-16.0.1.tgz"

ecdsa-sig-formatter@1.0.11:
  version "1.0.11"
  resolved "https://registry.npmjs.org/ecdsa-sig-formatter/-/ecdsa-sig-formatter-1.0.11.tgz"
  dependencies:
    safe-buffer "^5.0.1"

ee-first@1.1.1:
  version "1.1.1"
  resolved "https://registry.npmjs.org/ee-first/-/ee-first-1.1.1.tgz"

encodeurl@~1.0.2:
  version "1.0.2"
  resolved "https://registry.npmjs.org/encodeurl/-/encodeurl-1.0.2.tgz"

escape-html@~1.0.3:
  version "1.0.3"
  resolved "https://registry.npmjs.org/escape-html/-/escape-html-1.0.3.tgz"

escodegen@^1.8.1:
  version "1.14.3"
  resolved "https://registry.npmjs.org/escodegen/-/escodegen-1.14.3.tgz"
  dependencies:
    esprima "^4.0.1"
    estraverse "^4.2.0"
    esutils "^2.0.2"
    optionator "^0.8.1"
  optionalDependencies:
    source-map "~0.6.1"

esprima@^4.0.0, esprima@^4.0.1:
  version "4.0.1"
  resolved "https://registry.npmjs.org/esprima/-/esprima-4.0.1.tgz"

estraverse@^4.2.0:
  version "4.3.0"
  resolved "https://registry.npmjs.org/estraverse/-/estraverse-4.3.0.tgz"

esutils@^2.0.2:
  version "2.0.3"
  resolved "https://registry.npmjs.org/esutils/-/esutils-2.0.3.tgz"

etag@~1.8.1:
  version "1.8.1"
  resolved "https://registry.npmjs.org/etag/-/etag-1.8.1.tgz"

express-async-handler@^1.2.0:
  version "1.2.0"
  resolved "https://registry.npmjs.org/express-async-handler/-/express-async-handler-1.2.0.tgz"

express@^4.18.1:
  version "4.18.1"
  resolved "https://registry.npmjs.org/express/-/express-4.18.1.tgz"
  dependencies:
    accepts "~1.3.8"
    array-flatten "1.1.1"
    body-parser "1.20.0"
    content-disposition "0.5.4"
    content-type "~1.0.4"
    cookie "0.5.0"
    cookie-signature "1.0.6"
    debug "2.6.9"
    depd "2.0.0"
    encodeurl "~1.0.2"
    escape-html "~1.0.3"
    etag "~1.8.1"
    finalhandler "1.2.0"
    fresh "0.5.2"
    http-errors "2.0.0"
    merge-descriptors "1.0.1"
    methods "~1.1.2"
    on-finished "2.4.1"
    parseurl "~1.3.3"
    path-to-regexp "0.1.7"
    proxy-addr "~2.0.7"
    qs "6.10.3"
    range-parser "~1.2.1"
    safe-buffer "5.2.1"
    send "0.18.0"
    serve-static "1.15.0"
    setprototypeof "1.2.0"
    statuses "2.0.1"
    type-is "~1.6.18"
    utils-merge "1.0.1"
    vary "~1.1.2"

fast-levenshtein@~2.0.6:
  version "2.0.6"
  resolved "https://registry.npmjs.org/fast-levenshtein/-/fast-levenshtein-2.0.6.tgz"

file-uri-to-path@2:
  version "2.0.0"
  resolved "https://registry.npmjs.org/file-uri-to-path/-/file-uri-to-path-2.0.0.tgz"

finalhandler@1.2.0:
  version "1.2.0"
  resolved "https://registry.npmjs.org/finalhandler/-/finalhandler-1.2.0.tgz"
  dependencies:
    debug "2.6.9"
    encodeurl "~1.0.2"
    escape-html "~1.0.3"
    on-finished "2.4.1"
    parseurl "~1.3.3"
    statuses "2.0.1"
    unpipe "~1.0.0"

follow-redirects@^1.14.9:
  version "1.15.1"
  resolved "https://registry.npmjs.org/follow-redirects/-/follow-redirects-1.15.1.tgz"

form-data@^4.0.0:
  version "4.0.0"
  resolved "https://registry.npmjs.org/form-data/-/form-data-4.0.0.tgz"
  dependencies:
    asynckit "^0.4.0"
    combined-stream "^1.0.8"
    mime-types "^2.1.12"

forwarded@0.2.0:
  version "0.2.0"
  resolved "https://registry.npmjs.org/forwarded/-/forwarded-0.2.0.tgz"

fresh@0.5.2:
  version "0.5.2"
  resolved "https://registry.npmjs.org/fresh/-/fresh-0.5.2.tgz"

fs-extra@^8.1.0:
  version "8.1.0"
  resolved "https://registry.npmjs.org/fs-extra/-/fs-extra-8.1.0.tgz"
  dependencies:
    graceful-fs "^4.2.0"
    jsonfile "^4.0.0"
    universalify "^0.1.0"

ftp@^0.3.10:
  version "0.3.10"
  resolved "https://registry.npmjs.org/ftp/-/ftp-0.3.10.tgz"
  dependencies:
    readable-stream "1.1.x"
    xregexp "2.0.0"

function-bind@^1.1.1:
  version "1.1.1"
  resolved "https://registry.npmjs.org/function-bind/-/function-bind-1.1.1.tgz"

generic-pool@3.8.2:
  version "3.8.2"
  resolved "https://registry.npmjs.org/generic-pool/-/generic-pool-3.8.2.tgz"

get-intrinsic@^1.0.2:
  version "1.1.2"
  resolved "https://registry.npmjs.org/get-intrinsic/-/get-intrinsic-1.1.2.tgz"
  dependencies:
    function-bind "^1.1.1"
    has "^1.0.3"
    has-symbols "^1.0.3"

get-uri@3:
  version "3.0.2"
  resolved "https://registry.npmjs.org/get-uri/-/get-uri-3.0.2.tgz"
  dependencies:
    "@tootallnate/once" "1"
    data-uri-to-buffer "3"
    debug "4"
    file-uri-to-path "2"
    fs-extra "^8.1.0"
    ftp "^0.3.10"

graceful-fs@^4.1.6, graceful-fs@^4.2.0:
  version "4.2.10"
  resolved "https://registry.npmjs.org/graceful-fs/-/graceful-fs-4.2.10.tgz"

has-symbols@^1.0.3:
  version "1.0.3"
  resolved "https://registry.npmjs.org/has-symbols/-/has-symbols-1.0.3.tgz"

has@^1.0.3:
  version "1.0.3"
  resolved "https://registry.npmjs.org/has/-/has-1.0.3.tgz"
  dependencies:
    function-bind "^1.1.1"

http-errors@2.0.0:
  version "2.0.0"
  resolved "https://registry.npmjs.org/http-errors/-/http-errors-2.0.0.tgz"
  dependencies:
    depd "2.0.0"
    inherits "2.0.4"
    setprototypeof "1.2.0"
    statuses "2.0.1"
    toidentifier "1.0.1"

http-proxy-agent@^4.0.0, http-proxy-agent@^4.0.1:
  version "4.0.1"
  resolved "https://registry.npmjs.org/http-proxy-agent/-/http-proxy-agent-4.0.1.tgz"
  dependencies:
    "@tootallnate/once" "1"
    agent-base "6"
    debug "4"

https-proxy-agent@5, https-proxy-agent@^5.0.0:
  version "5.0.1"
  resolved "https://registry.npmjs.org/https-proxy-agent/-/https-proxy-agent-5.0.1.tgz"
  dependencies:
    agent-base "6"
    debug "4"

iconv-lite@0.4.24:
  version "0.4.24"
  resolved "https://registry.npmjs.org/iconv-lite/-/iconv-lite-0.4.24.tgz"
  dependencies:
    safer-buffer ">= 2.1.2 < 3"

ieee754@^1.1.13:
  version "1.2.1"
  resolved "https://registry.npmjs.org/ieee754/-/ieee754-1.2.1.tgz"

inherits@2.0.4, inherits@^2.0.3, inherits@~2.0.1, inherits@~2.0.3:
  version "2.0.4"
  resolved "https://registry.npmjs.org/inherits/-/inherits-2.0.4.tgz"

ip@^1.1.5:
  version "1.1.8"
  resolved "https://registry.npmjs.org/ip/-/ip-1.1.8.tgz"

ip@^2.0.0:
  version "2.0.0"
  resolved "https://registry.npmjs.org/ip/-/ip-2.0.0.tgz"

ipaddr.js@1.9.1:
  version "1.9.1"
  resolved "https://registry.npmjs.org/ipaddr.js/-/ipaddr.js-1.9.1.tgz"

is-plain-object@^2.0.4:
  version "2.0.4"
  resolved "https://registry.npmjs.org/is-plain-object/-/is-plain-object-2.0.4.tgz"
  dependencies:
    isobject "^3.0.1"

isarray@0.0.1:
  version "0.0.1"
  resolved "https://registry.npmjs.org/isarray/-/isarray-0.0.1.tgz"

isarray@~1.0.0:
  version "1.0.0"
  resolved "https://registry.npmjs.org/isarray/-/isarray-1.0.0.tgz"

isobject@^3.0.1:
  version "3.0.1"
  resolved "https://registry.npmjs.org/isobject/-/isobject-3.0.1.tgz"

jsonfile@^4.0.0:
  version "4.0.0"
  resolved "https://registry.npmjs.org/jsonfile/-/jsonfile-4.0.0.tgz"
  optionalDependencies:
    graceful-fs "^4.1.6"

jsonwebtoken@^8.5.1:
  version "8.5.1"
  resolved "https://registry.npmjs.org/jsonwebtoken/-/jsonwebtoken-8.5.1.tgz"
  dependencies:
    jws "^3.2.2"
    lodash.includes "^4.3.0"
    lodash.isboolean "^3.0.3"
    lodash.isinteger "^4.0.4"
    lodash.isnumber "^3.0.3"
    lodash.isplainobject "^4.0.6"
    lodash.isstring "^4.0.1"
    lodash.once "^4.0.0"
    ms "^2.1.1"
    semver "^5.6.0"

jwa@^1.4.1:
  version "1.4.1"
  resolved "https://registry.npmjs.org/jwa/-/jwa-1.4.1.tgz"
  dependencies:
    buffer-equal-constant-time "1.0.1"
    ecdsa-sig-formatter "1.0.11"
    safe-buffer "^5.0.1"

jws@^3.2.2:
  version "3.2.2"
  resolved "https://registry.npmjs.org/jws/-/jws-3.2.2.tgz"
  dependencies:
    jwa "^1.4.1"
    safe-buffer "^5.0.1"

kareem@2.4.1:
  version "2.4.1"
  resolved "https://registry.npmjs.org/kareem/-/kareem-2.4.1.tgz"

kind-of@^6.0.2:
  version "6.0.3"
  resolved "https://registry.npmjs.org/kind-of/-/kind-of-6.0.3.tgz"

levn@~0.3.0:
  version "0.3.0"
  resolved "https://registry.npmjs.org/levn/-/levn-0.3.0.tgz"
  dependencies:
    prelude-ls "~1.1.2"
    type-check "~0.3.2"

lodash.includes@^4.3.0:
  version "4.3.0"
  resolved "https://registry.npmjs.org/lodash.includes/-/lodash.includes-4.3.0.tgz"

lodash.isboolean@^3.0.3:
  version "3.0.3"
  resolved "https://registry.npmjs.org/lodash.isboolean/-/lodash.isboolean-3.0.3.tgz"

lodash.isinteger@^4.0.4:
  version "4.0.4"
  resolved "https://registry.npmjs.org/lodash.isinteger/-/lodash.isinteger-4.0.4.tgz"

lodash.isnumber@^3.0.3:
  version "3.0.3"
  resolved "https://registry.npmjs.org/lodash.isnumber/-/lodash.isnumber-3.0.3.tgz"

lodash.isplainobject@^4.0.6:
  version "4.0.6"
  resolved "https://registry.npmjs.org/lodash.isplainobject/-/lodash.isplainobject-4.0.6.tgz"

lodash.isstring@^4.0.1:
  version "4.0.1"
  resolved "https://registry.npmjs.org/lodash.isstring/-/lodash.isstring-4.0.1.tgz"

lodash.once@^4.0.0:
  version "4.1.1"
  resolved "https://registry.npmjs.org/lodash.once/-/lodash.once-4.1.1.tgz"

lodash@^4.17.21:
  version "4.17.21"
  resolved "https://registry.npmjs.org/lodash/-/lodash-4.17.21.tgz"

lru-cache@^5.1.1:
  version "5.1.1"
  resolved "https://registry.npmjs.org/lru-cache/-/lru-cache-5.1.1.tgz"
  dependencies:
    yallist "^3.0.2"

mailgun.js@^8.0.0:
  version "8.0.0"
  resolved "https://registry.npmjs.org/mailgun.js/-/mailgun.js-8.0.0.tgz"
  dependencies:
    axios "^0.27.2"
    base-64 "^1.0.0"
    url-join "^4.0.1"
    webpack-merge "^5.4.0"

media-typer@0.3.0:
  version "0.3.0"
  resolved "https://registry.npmjs.org/media-typer/-/media-typer-0.3.0.tgz"

memory-pager@^1.0.2:
  version "1.5.0"
  resolved "https://registry.npmjs.org/memory-pager/-/memory-pager-1.5.0.tgz"

merge-descriptors@1.0.1:
  version "1.0.1"
  resolved "https://registry.npmjs.org/merge-descriptors/-/merge-descriptors-1.0.1.tgz"

methods@~1.1.2:
  version "1.1.2"
  resolved "https://registry.npmjs.org/methods/-/methods-1.1.2.tgz"

mime-db@1.52.0:
  version "1.52.0"
  resolved "https://registry.npmjs.org/mime-db/-/mime-db-1.52.0.tgz"

mime-types@^2.1.12, mime-types@~2.1.24, mime-types@~2.1.34:
  version "2.1.35"
  resolved "https://registry.npmjs.org/mime-types/-/mime-types-2.1.35.tgz"
  dependencies:
    mime-db "1.52.0"

mime@1.6.0:
  version "1.6.0"
  resolved "https://registry.npmjs.org/mime/-/mime-1.6.0.tgz"

minimist@^1.2.6:
  version "1.2.6"
  resolved "https://registry.npmjs.org/minimist/-/minimist-1.2.6.tgz"

mkdirp@^0.5.4:
  version "0.5.6"
  resolved "https://registry.npmjs.org/mkdirp/-/mkdirp-0.5.6.tgz"
  dependencies:
    minimist "^1.2.6"

mongodb-connection-string-url@^2.5.2:
  version "2.5.3"
  resolved "https://registry.npmjs.org/mongodb-connection-string-url/-/mongodb-connection-string-url-2.5.3.tgz"
  dependencies:
    "@types/whatwg-url" "^8.2.1"
    whatwg-url "^11.0.0"

mongodb@4.8.1:
  version "4.8.1"
  resolved "https://registry.npmjs.org/mongodb/-/mongodb-4.8.1.tgz"
  dependencies:
    bson "^4.6.5"
    denque "^2.0.1"
    mongodb-connection-string-url "^2.5.2"
    socks "^2.6.2"
  optionalDependencies:
    saslprep "^1.0.3"

mongoose@^6.5.2:
  version "6.5.2"
  resolved "https://registry.npmjs.org/mongoose/-/mongoose-6.5.2.tgz"
  dependencies:
    bson "^4.6.5"
    kareem "2.4.1"
    mongodb "4.8.1"
    mpath "0.9.0"
    mquery "4.0.3"
    ms "2.1.3"
    sift "16.0.0"

mpath@0.9.0:
  version "0.9.0"
  resolved "https://registry.npmjs.org/mpath/-/mpath-0.9.0.tgz"

mquery@4.0.3:
  version "4.0.3"
  resolved "https://registry.npmjs.org/mquery/-/mquery-4.0.3.tgz"
  dependencies:
    debug "4.x"

ms@2.0.0:
  version "2.0.0"
  resolved "https://registry.npmjs.org/ms/-/ms-2.0.0.tgz"

ms@2.1.2:
  version "2.1.2"
  resolved "https://registry.npmjs.org/ms/-/ms-2.1.2.tgz"

ms@2.1.3, ms@^2.1.1:
  version "2.1.3"
  resolved "https://registry.npmjs.org/ms/-/ms-2.1.3.tgz"

multer-storage-cloudinary@^4.0.0:
  version "4.0.0"
  resolved "https://registry.npmjs.org/multer-storage-cloudinary/-/multer-storage-cloudinary-4.0.0.tgz"

multer@^1.4.5-lts.1:
  version "1.4.5-lts.1"
  resolved "https://registry.npmjs.org/multer/-/multer-1.4.5-lts.1.tgz"
  dependencies:
    append-field "^1.0.0"
    busboy "^1.0.0"
    concat-stream "^1.5.2"
    mkdirp "^0.5.4"
    object-assign "^4.1.1"
    type-is "^1.6.4"
    xtend "^4.0.0"

nanoid@^2.1.0:
  version "2.1.11"
  resolved "https://registry.npmjs.org/nanoid/-/nanoid-2.1.11.tgz"

negotiator@0.6.3:
  version "0.6.3"
  resolved "https://registry.npmjs.org/negotiator/-/negotiator-0.6.3.tgz"

netmask@^2.0.2:
  version "2.0.2"
  resolved "https://registry.npmjs.org/netmask/-/netmask-2.0.2.tgz"

nodemailer@^6.7.8:
  version "6.7.8"
  resolved "https://registry.npmjs.org/nodemailer/-/nodemailer-6.7.8.tgz"

object-assign@^4, object-assign@^4.1.1:
  version "4.1.1"
  resolved "https://registry.npmjs.org/object-assign/-/object-assign-4.1.1.tgz"

object-inspect@^1.9.0:
  version "1.12.2"
  resolved "https://registry.npmjs.org/object-inspect/-/object-inspect-1.12.2.tgz"

on-finished@2.4.1:
  version "2.4.1"
  resolved "https://registry.npmjs.org/on-finished/-/on-finished-2.4.1.tgz"
  dependencies:
    ee-first "1.1.1"

optionator@^0.8.1:
  version "0.8.3"
  resolved "https://registry.npmjs.org/optionator/-/optionator-0.8.3.tgz"
  dependencies:
    deep-is "~0.1.3"
    fast-levenshtein "~2.0.6"
    levn "~0.3.0"
    prelude-ls "~1.1.2"
    type-check "~0.3.2"
    word-wrap "~1.2.3"

pac-proxy-agent@^5.0.0:
  version "5.0.0"
  resolved "https://registry.npmjs.org/pac-proxy-agent/-/pac-proxy-agent-5.0.0.tgz"
  dependencies:
    "@tootallnate/once" "1"
    agent-base "6"
    debug "4"
    get-uri "3"
    http-proxy-agent "^4.0.1"
    https-proxy-agent "5"
    pac-resolver "^5.0.0"
    raw-body "^2.2.0"
    socks-proxy-agent "5"

pac-resolver@^5.0.0:
  version "5.0.1"
  resolved "https://registry.npmjs.org/pac-resolver/-/pac-resolver-5.0.1.tgz"
  dependencies:
    degenerator "^3.0.2"
    ip "^1.1.5"
    netmask "^2.0.2"

parseurl@~1.3.3:
  version "1.3.3"
  resolved "https://registry.npmjs.org/parseurl/-/parseurl-1.3.3.tgz"

path-to-regexp@0.1.7:
  version "0.1.7"
  resolved "https://registry.npmjs.org/path-to-regexp/-/path-to-regexp-0.1.7.tgz"

prelude-ls@~1.1.2:
  version "1.1.2"
  resolved "https://registry.npmjs.org/prelude-ls/-/prelude-ls-1.1.2.tgz"

process-nextick-args@~2.0.0:
  version "2.0.1"
  resolved "https://registry.npmjs.org/process-nextick-args/-/process-nextick-args-2.0.1.tgz"

proxy-addr@~2.0.7:
  version "2.0.7"
  resolved "https://registry.npmjs.org/proxy-addr/-/proxy-addr-2.0.7.tgz"
  dependencies:
    forwarded "0.2.0"
    ipaddr.js "1.9.1"

proxy-agent@^5.0.0:
  version "5.0.0"
  resolved "https://registry.npmjs.org/proxy-agent/-/proxy-agent-5.0.0.tgz"
  dependencies:
    agent-base "^6.0.0"
    debug "4"
    http-proxy-agent "^4.0.0"
    https-proxy-agent "^5.0.0"
    lru-cache "^5.1.1"
    pac-proxy-agent "^5.0.0"
    proxy-from-env "^1.0.0"
    socks-proxy-agent "^5.0.0"

proxy-from-env@^1.0.0:
  version "1.1.0"
  resolved "https://registry.npmjs.org/proxy-from-env/-/proxy-from-env-1.1.0.tgz"

punycode@^2.1.1:
  version "2.1.1"
  resolved "https://registry.npmjs.org/punycode/-/punycode-2.1.1.tgz"

q@^1.5.1:
  version "1.5.1"
  resolved "https://registry.npmjs.org/q/-/q-1.5.1.tgz"

qs@6.10.3:
  version "6.10.3"
  resolved "https://registry.npmjs.org/qs/-/qs-6.10.3.tgz"
  dependencies:
    side-channel "^1.0.4"

range-parser@~1.2.1:
  version "1.2.1"
  resolved "https://registry.npmjs.org/range-parser/-/range-parser-1.2.1.tgz"

raw-body@2.5.1, raw-body@^2.2.0:
  version "2.5.1"
  resolved "https://registry.npmjs.org/raw-body/-/raw-body-2.5.1.tgz"
  dependencies:
    bytes "3.1.2"
    http-errors "2.0.0"
    iconv-lite "0.4.24"
    unpipe "1.0.0"

readable-stream@1.1.x:
  version "1.1.14"
  resolved "https://registry.npmjs.org/readable-stream/-/readable-stream-1.1.14.tgz"
  dependencies:
    core-util-is "~1.0.0"
    inherits "~2.0.1"
    isarray "0.0.1"
    string_decoder "~0.10.x"

readable-stream@^2.2.2:
  version "2.3.7"
  resolved "https://registry.npmjs.org/readable-stream/-/readable-stream-2.3.7.tgz"
  dependencies:
    core-util-is "~1.0.0"
    inherits "~2.0.3"
    isarray "~1.0.0"
    process-nextick-args "~2.0.0"
    safe-buffer "~5.1.1"
    string_decoder "~1.1.1"
    util-deprecate "~1.0.1"

redis-om@^0.3.6:
  version "0.3.6"
  resolved "https://registry.npmjs.org/redis-om/-/redis-om-0.3.6.tgz"
  dependencies:
    redis "^4.0.4"
    ulid "^2.3.0"

redis@^4.0.4:
  version "4.3.0"
  resolved "https://registry.npmjs.org/redis/-/redis-4.3.0.tgz"
  dependencies:
    "@redis/bloom" "1.0.2"
    "@redis/client" "1.3.0"
    "@redis/graph" "1.0.1"
    "@redis/json" "1.0.3"
    "@redis/search" "1.1.0"
    "@redis/time-series" "1.0.3"

safe-buffer@5.2.1, safe-buffer@^5.0.1:
  version "5.2.1"
  resolved "https://registry.npmjs.org/safe-buffer/-/safe-buffer-5.2.1.tgz"

safe-buffer@~5.1.0, safe-buffer@~5.1.1:
  version "5.1.2"
  resolved "https://registry.npmjs.org/safe-buffer/-/safe-buffer-5.1.2.tgz"

"safer-buffer@>= 2.1.2 < 3":
  version "2.1.2"
  resolved "https://registry.npmjs.org/safer-buffer/-/safer-buffer-2.1.2.tgz"

saslprep@^1.0.3:
  version "1.0.3"
  resolved "https://registry.npmjs.org/saslprep/-/saslprep-1.0.3.tgz"
  dependencies:
    sparse-bitfield "^3.0.3"

semver@^5.6.0:
  version "5.7.1"
  resolved "https://registry.npmjs.org/semver/-/semver-5.7.1.tgz"

send@0.18.0:
  version "0.18.0"
  resolved "https://registry.npmjs.org/send/-/send-0.18.0.tgz"
  dependencies:
    debug "2.6.9"
    depd "2.0.0"
    destroy "1.2.0"
    encodeurl "~1.0.2"
    escape-html "~1.0.3"
    etag "~1.8.1"
    fresh "0.5.2"
    http-errors "2.0.0"
    mime "1.6.0"
    ms "2.1.3"
    on-finished "2.4.1"
    range-parser "~1.2.1"
    statuses "2.0.1"

serve-static@1.15.0:
  version "1.15.0"
  resolved "https://registry.npmjs.org/serve-static/-/serve-static-1.15.0.tgz"
  dependencies:
    encodeurl "~1.0.2"
    escape-html "~1.0.3"
    parseurl "~1.3.3"
    send "0.18.0"

setprototypeof@1.2.0:
  version "1.2.0"
  resolved "https://registry.npmjs.org/setprototypeof/-/setprototypeof-1.2.0.tgz"

shallow-clone@^3.0.0:
  version "3.0.1"
  resolved "https://registry.npmjs.org/shallow-clone/-/shallow-clone-3.0.1.tgz"
  dependencies:
    kind-of "^6.0.2"

shortid@^2.2.16:
  version "2.2.16"
  resolved "https://registry.npmjs.org/shortid/-/shortid-2.2.16.tgz"
  dependencies:
    nanoid "^2.1.0"

side-channel@^1.0.4:
  version "1.0.4"
  resolved "https://registry.npmjs.org/side-channel/-/side-channel-1.0.4.tgz"
  dependencies:
    call-bind "^1.0.0"
    get-intrinsic "^1.0.2"
    object-inspect "^1.9.0"

sift@16.0.0:
  version "16.0.0"
  resolved "https://registry.npmjs.org/sift/-/sift-16.0.0.tgz"

slugify@^1.6.5:
  version "1.6.5"
  resolved "https://registry.npmjs.org/slugify/-/slugify-1.6.5.tgz"

smart-buffer@^4.2.0:
  version "4.2.0"
  resolved "https://registry.npmjs.org/smart-buffer/-/smart-buffer-4.2.0.tgz"

socks-proxy-agent@5, socks-proxy-agent@^5.0.0:
  version "5.0.1"
  resolved "https://registry.npmjs.org/socks-proxy-agent/-/socks-proxy-agent-5.0.1.tgz"
  dependencies:
    agent-base "^6.0.2"
    debug "4"
    socks "^2.3.3"

socks@^2.3.3, socks@^2.6.2:
  version "2.7.0"
  resolved "https://registry.npmjs.org/socks/-/socks-2.7.0.tgz"
  dependencies:
    ip "^2.0.0"
    smart-buffer "^4.2.0"

source-map@~0.6.1:
  version "0.6.1"
  resolved "https://registry.npmjs.org/source-map/-/source-map-0.6.1.tgz"

sparse-bitfield@^3.0.3:
  version "3.0.3"
  resolved "https://registry.npmjs.org/sparse-bitfield/-/sparse-bitfield-3.0.3.tgz"
  dependencies:
    memory-pager "^1.0.2"

statuses@2.0.1:
  version "2.0.1"
  resolved "https://registry.npmjs.org/statuses/-/statuses-2.0.1.tgz"

streamsearch@^1.1.0:
  version "1.1.0"
  resolved "https://registry.npmjs.org/streamsearch/-/streamsearch-1.1.0.tgz"

string_decoder@~0.10.x:
  version "0.10.31"
  resolved "https://registry.npmjs.org/string_decoder/-/string_decoder-0.10.31.tgz"

string_decoder@~1.1.1:
  version "1.1.1"
  resolved "https://registry.npmjs.org/string_decoder/-/string_decoder-1.1.1.tgz"
  dependencies:
    safe-buffer "~5.1.0"

toidentifier@1.0.1:
  version "1.0.1"
  resolved "https://registry.npmjs.org/toidentifier/-/toidentifier-1.0.1.tgz"

tr46@^3.0.0:
  version "3.0.0"
  resolved "https://registry.npmjs.org/tr46/-/tr46-3.0.0.tgz"
  dependencies:
    punycode "^2.1.1"

tslib@^2.0.1:
  version "2.4.0"
  resolved "https://registry.npmjs.org/tslib/-/tslib-2.4.0.tgz"

type-check@~0.3.2:
  version "0.3.2"
  resolved "https://registry.npmjs.org/type-check/-/type-check-0.3.2.tgz"
  dependencies:
    prelude-ls "~1.1.2"

type-is@^1.6.4, type-is@~1.6.18:
  version "1.6.18"
  resolved "https://registry.npmjs.org/type-is/-/type-is-1.6.18.tgz"
  dependencies:
    media-typer "0.3.0"
    mime-types "~2.1.24"

typedarray@^0.0.6:
  version "0.0.6"
  resolved "https://registry.npmjs.org/typedarray/-/typedarray-0.0.6.tgz"

ulid@^2.3.0:
  version "2.3.0"
  resolved "https://registry.npmjs.org/ulid/-/ulid-2.3.0.tgz"

universalify@^0.1.0:
  version "0.1.2"
  resolved "https://registry.npmjs.org/universalify/-/universalify-0.1.2.tgz"

unpipe@1.0.0, unpipe@~1.0.0:
  version "1.0.0"
  resolved "https://registry.npmjs.org/unpipe/-/unpipe-1.0.0.tgz"

url-join@^4.0.1:
  version "4.0.1"
  resolved "https://registry.npmjs.org/url-join/-/url-join-4.0.1.tgz"

util-deprecate@~1.0.1:
  version "1.0.2"
  resolved "https://registry.npmjs.org/util-deprecate/-/util-deprecate-1.0.2.tgz"

utils-merge@1.0.1:
  version "1.0.1"
  resolved "https://registry.npmjs.org/utils-merge/-/utils-merge-1.0.1.tgz"

vary@^1, vary@~1.1.2:
  version "1.1.2"
  resolved "https://registry.npmjs.org/vary/-/vary-1.1.2.tgz"

vm2@^3.9.8:
  version "3.9.11"
  resolved "https://registry.yarnpkg.com/vm2/-/vm2-3.9.11.tgz#a880f510a606481719ec3f9803b940c5805a06fe"
  dependencies:
    acorn "^8.7.0"
    acorn-walk "^8.2.0"

webidl-conversions@^7.0.0:
  version "7.0.0"
  resolved "https://registry.npmjs.org/webidl-conversions/-/webidl-conversions-7.0.0.tgz"

webpack-merge@^5.4.0:
  version "5.8.0"
  resolved "https://registry.npmjs.org/webpack-merge/-/webpack-merge-5.8.0.tgz"
  dependencies:
    clone-deep "^4.0.1"
    wildcard "^2.0.0"

whatwg-url@^11.0.0:
  version "11.0.0"
  resolved "https://registry.npmjs.org/whatwg-url/-/whatwg-url-11.0.0.tgz"
  dependencies:
    tr46 "^3.0.0"
    webidl-conversions "^7.0.0"

wildcard@^2.0.0:
  version "2.0.0"
  resolved "https://registry.npmjs.org/wildcard/-/wildcard-2.0.0.tgz"

word-wrap@~1.2.3:
  version "1.2.3"
  resolved "https://registry.npmjs.org/word-wrap/-/word-wrap-1.2.3.tgz"

xregexp@2.0.0:
  version "2.0.0"
  resolved "https://registry.npmjs.org/xregexp/-/xregexp-2.0.0.tgz"

xtend@^4.0.0:
  version "4.0.2"
  resolved "https://registry.npmjs.org/xtend/-/xtend-4.0.2.tgz"

yallist@4.0.0:
  version "4.0.0"
  resolved "https://registry.npmjs.org/yallist/-/yallist-4.0.0.tgz"

yallist@^3.0.2:
  version "3.1.1"
  resolved "https://registry.npmjs.org/yallist/-/yallist-3.1.1.tgz"
